
Microsoft Visual Studio Solution File, Format Version 12.00
# Visual Studio Version 17
VisualStudioVersion = 17.7.34221.43
MinimumVisualStudioVersion = 10.0.40219.1
Project("{FAE04EC0-301F-11D3-BF4B-00C04F79EFBC}") = "FrontToBackTask", "FrontToBackTask\FrontToBackTask.csproj", "{AEBAE357-AB10-484A-9EF4-D071314A45AA}"
EndProject
Global
	GlobalSection(SolutionConfigurationPlatforms) = preSolution
		Debug|Any CPU = Debug|Any CPU
		Release|Any CPU = Release|Any CPU
	EndGlobalSection
	GlobalSection(ProjectConfigurationPlatforms) = postSolution
		{AEBAE357-AB10-484A-9EF4-D071314A45AA}.Debug|Any CPU.ActiveCfg = Debug|Any CPU
		{AEBAE357-AB10-484A-9EF4-D071314A45AA}.Debug|Any CPU.Build.0 = Debug|Any CPU
		{AEBAE357-AB10-484A-9EF4-D071314A45AA}.Release|Any CPU.ActiveCfg = Release|Any CPU
		{AEBAE357-AB10-484A-9EF4-D071314A45AA}.Release|Any CPU.Build.0 = Release|Any CPU
	EndGlobalSection
	GlobalSection(SolutionProperties) = preSolution
		HideSolutionNode = FALSE
	EndGlobalSection
	GlobalSection(ExtensibilityGlobals) = postSolution
		SolutionGuid = {38BB107B-82F8-4292-853E-19AE5B8BB648}
	EndGlobalSection
EndGlobal
